
Microsoft Visual Studio Solution File, Format Version 12.00
# Visual Studio 16
Project("{FAE04EC0-301F-11D3-BF4B-00C04F79EFBC}") = "Assembly-CSharp", "Assembly-CSharp.csproj", "{87BFB8CF-1ABF-48DC-7A05-A4432C863A4B}"
EndProject
Project("{FAE04EC0-301F-11D3-BF4B-00C04F79EFBC}") = "Assembly-CSharp-Editor", "Assembly-CSharp-Editor.csproj", "{D7FBD5C8-0FE5-CE35-64D1-C597C5897095}"
EndProject
Global
	GlobalSection(SolutionConfigurationPlatforms) = preSolution
		Debug|Any CPU = Debug|Any CPU
		Release|Any CPU = Release|Any CPU
	EndGlobalSection
	GlobalSection(ProjectConfigurationPlatforms) = postSolution
		{87BFB8CF-1ABF-48DC-7A05-A4432C863A4B}.Debug|Any CPU.ActiveCfg = Debug|Any CPU
		{87BFB8CF-1ABF-48DC-7A05-A4432C863A4B}.Debug|Any CPU.Build.0 = Debug|Any CPU
		{87BFB8CF-1ABF-48DC-7A05-A4432C863A4B}.Release|Any CPU.ActiveCfg = Release|Any CPU
		{87BFB8CF-1ABF-48DC-7A05-A4432C863A4B}.Release|Any CPU.Build.0 = Release|Any CPU
		{D7FBD5C8-0FE5-CE35-64D1-C597C5897095}.Debug|Any CPU.ActiveCfg = Debug|Any CPU
		{D7FBD5C8-0FE5-CE35-64D1-C597C5897095}.Debug|Any CPU.Build.0 = Debug|Any CPU
		{D7FBD5C8-0FE5-CE35-64D1-C597C5897095}.Release|Any CPU.ActiveCfg = Release|Any CPU
		{D7FBD5C8-0FE5-CE35-64D1-C597C5897095}.Release|Any CPU.Build.0 = Release|Any CPU
	EndGlobalSection
	GlobalSection(SolutionProperties) = preSolution
		HideSolutionNode = FALSE
	EndGlobalSection
EndGlobal
